
Microsoft Visual Studio Solution File, Format Version 12.00
# Visual Studio Version 16
VisualStudioVersion = 16.0.30204.135
MinimumVisualStudioVersion = 10.0.40219.1
Project("{FAE04EC0-301F-11D3-BF4B-00C04F79EFBC}") = "graph", "graph\graph.csproj", "{240CC901-DE94-4D05-8AFE-8121C6ADC41F}"
EndProject
Global
	GlobalSection(SolutionConfigurationPlatforms) = preSolution
		Debug|Any CPU = Debug|Any CPU
		Release|Any CPU = Release|Any CPU
	EndGlobalSection
	GlobalSection(ProjectConfigurationPlatforms) = postSolution
		{240CC901-DE94-4D05-8AFE-8121C6ADC41F}.Debug|Any CPU.ActiveCfg = Debug|Any CPU
		{240CC901-DE94-4D05-8AFE-8121C6ADC41F}.Debug|Any CPU.Build.0 = Debug|Any CPU
		{240CC901-DE94-4D05-8AFE-8121C6ADC41F}.Release|Any CPU.ActiveCfg = Release|Any CPU
		{240CC901-DE94-4D05-8AFE-8121C6ADC41F}.Release|Any CPU.Build.0 = Release|Any CPU
	EndGlobalSection
	GlobalSection(SolutionProperties) = preSolution
		HideSolutionNode = FALSE
	EndGlobalSection
	GlobalSection(ExtensibilityGlobals) = postSolution
		SolutionGuid = {EE604C04-7FDC-498B-A39A-5E2D54D42156}
	EndGlobalSection
EndGlobal
